
Microsoft Visual Studio Solution File, Format Version 12.00
# Visual Studio Version 17
VisualStudioVersion = 17.10.35122.118
MinimumVisualStudioVersion = 10.0.40219.1
Project("{9A19103F-16F7-4668-BE54-9A1E7A4F7556}") = "SinSala-BIN 2k24 - by CARP", "SinSala-BIN 2k24 - by CARP\SinSala-BIN 2k24 - by CARP.csproj", "{2C23B607-6F63-47BF-9C49-5DEB4C539ACD}"
EndProject
Project("{9A19103F-16F7-4668-BE54-9A1E7A4F7556}") = "WEUtils", "WeCompress\WEUtils.csproj", "{E67C9BA8-5A13-4A0D-9E74-39E1CF37D6C1}"
EndProject
Global
	GlobalSection(SolutionConfigurationPlatforms) = preSolution
		Debug|Any CPU = Debug|Any CPU
		Debug|x86 = Debug|x86
		Release|Any CPU = Release|Any CPU
		Release|x86 = Release|x86
	EndGlobalSection
	GlobalSection(ProjectConfigurationPlatforms) = postSolution
		{2C23B607-6F63-47BF-9C49-5DEB4C539ACD}.Debug|Any CPU.ActiveCfg = Debug|Any CPU
		{2C23B607-6F63-47BF-9C49-5DEB4C539ACD}.Debug|Any CPU.Build.0 = Debug|Any CPU
		{2C23B607-6F63-47BF-9C49-5DEB4C539ACD}.Debug|x86.ActiveCfg = Debug|Any CPU
		{2C23B607-6F63-47BF-9C49-5DEB4C539ACD}.Debug|x86.Build.0 = Debug|Any CPU
		{2C23B607-6F63-47BF-9C49-5DEB4C539ACD}.Release|Any CPU.ActiveCfg = Release|Any CPU
		{2C23B607-6F63-47BF-9C49-5DEB4C539ACD}.Release|Any CPU.Build.0 = Release|Any CPU
		{2C23B607-6F63-47BF-9C49-5DEB4C539ACD}.Release|x86.ActiveCfg = Release|Any CPU
		{2C23B607-6F63-47BF-9C49-5DEB4C539ACD}.Release|x86.Build.0 = Release|Any CPU
		{E67C9BA8-5A13-4A0D-9E74-39E1CF37D6C1}.Debug|Any CPU.ActiveCfg = Debug|Any CPU
		{E67C9BA8-5A13-4A0D-9E74-39E1CF37D6C1}.Debug|Any CPU.Build.0 = Debug|Any CPU
		{E67C9BA8-5A13-4A0D-9E74-39E1CF37D6C1}.Debug|x86.ActiveCfg = Debug|x86
		{E67C9BA8-5A13-4A0D-9E74-39E1CF37D6C1}.Debug|x86.Build.0 = Debug|x86
		{E67C9BA8-5A13-4A0D-9E74-39E1CF37D6C1}.Release|Any CPU.ActiveCfg = Release|Any CPU
		{E67C9BA8-5A13-4A0D-9E74-39E1CF37D6C1}.Release|Any CPU.Build.0 = Release|Any CPU
		{E67C9BA8-5A13-4A0D-9E74-39E1CF37D6C1}.Release|x86.ActiveCfg = Release|x86
		{E67C9BA8-5A13-4A0D-9E74-39E1CF37D6C1}.Release|x86.Build.0 = Release|x86
	EndGlobalSection
	GlobalSection(SolutionProperties) = preSolution
		HideSolutionNode = FALSE
	EndGlobalSection
	GlobalSection(ExtensibilityGlobals) = postSolution
		SolutionGuid = {65F53BE9-C0F3-4DC9-9766-2A6B9642D5B6}
	EndGlobalSection
EndGlobal
